{
  "name": "react-native-button-component",
  "version": "0.2.30",
  "lockfileVersion": 1,
  "requires": true,
  "dependencies": {
    "art": {
      "version": "0.10.3",
      "resolved": "https://registry.npmjs.org/art/-/art-0.10.3.tgz",
      "integrity": "sha512-HXwbdofRTiJT6qZX/FnchtldzJjS3vkLJxQilc3Xj+ma2MXjY4UAyQ0ls1XZYVnDvVIBiFZbC6QsvtW86TD6tQ=="
    },
    "react-native-circular-progress": {
      "version": "git+https://github.com/tsabitg23/react-native-circular-progress.git#a7d74fe72b417c13803a46130fee09d123098854",
      "from": "git+https://github.com/tsabitg23/react-native-circular-progress.git",
      "requires": {
        "art": "^0.10.0"
      }
    }
  }
}
